
Microsoft Visual Studio Solution File, Format Version 12.00
# Visual Studio Version 16
VisualStudioVersion = 16.0.31424.327
MinimumVisualStudioVersion = 10.0.40219.1
Project("{FAE04EC0-301F-11D3-BF4B-00C04F79EFBC}") = "jnkns-tst-app", "jnkns-tst-app\jnkns-tst-app.csproj", "{0BE0DE90-5BCC-4393-AF17-BBF497FDDB88}"
EndProject
Global
	GlobalSection(SolutionConfigurationPlatforms) = preSolution
		Debug|Any CPU = Debug|Any CPU
		Release|Any CPU = Release|Any CPU
	EndGlobalSection
	GlobalSection(ProjectConfigurationPlatforms) = postSolution
		{0BE0DE90-5BCC-4393-AF17-BBF497FDDB88}.Debug|Any CPU.ActiveCfg = Debug|Any CPU
		{0BE0DE90-5BCC-4393-AF17-BBF497FDDB88}.Debug|Any CPU.Build.0 = Debug|Any CPU
		{0BE0DE90-5BCC-4393-AF17-BBF497FDDB88}.Release|Any CPU.ActiveCfg = Release|Any CPU
		{0BE0DE90-5BCC-4393-AF17-BBF497FDDB88}.Release|Any CPU.Build.0 = Release|Any CPU
	EndGlobalSection
	GlobalSection(SolutionProperties) = preSolution
		HideSolutionNode = FALSE
	EndGlobalSection
	GlobalSection(ExtensibilityGlobals) = postSolution
		SolutionGuid = {8A6929F8-FEB3-43C2-89B3-6010AB7ECB2E}
	EndGlobalSection
EndGlobal
